// !$*UTF8*$!
{
	archiveVersion = 1;
	classes = {
	};
	objectVersion = 50;
	objects = {

/* Begin PBXBuildFile section */
		527B91D42277747A0095F992 /* View.swift in Sources */ = {isa = PBXBuildFile; fileRef = 527B91D32277747A0095F992 /* View.swift */; };
		52A6B662226B5B9A004861B3 /* AppDelegate.swift in Sources */ = {isa = PBXBuildFile; fileRef = 52A6B661226B5B9A004861B3 /* AppDelegate.swift */; };
		52A6B664226B5B9A004861B3 /* ViewController.swift in Sources */ = {isa = PBXBuildFile; fileRef = 52A6B663226B5B9A004861B3 /* ViewController.swift */; };
		52A6B667226B5B9A004861B3 /* Main.storyboard in Resources */ = {isa = PBXBuildFile; fileRef = 52A6B665226B5B9A004861B3 /* Main.storyboard */; };
		52A6B669226B5B9C004861B3 /* Assets.xcassets in Resources */ = {isa = PBXBuildFile; fileRef = 52A6B668226B5B9C004861B3 /* Assets.xcassets */; };
		52A6B66C226B5B9C004861B3 /* LaunchScreen.storyboard in Resources */ = {isa = PBXBuildFile; fileRef = 52A6B66A226B5B9C004861B3 /* LaunchScreen.storyboard */; };
		52A6B674226B5F97004861B3 /* CollectionViewCell.swift in Sources */ = {isa = PBXBuildFile; fileRef = 52A6B673226B5F97004861B3 /* CollectionViewCell.swift */; };
		52A6B676226B5FAB004861B3 /* CollectionViewController.swift in Sources */ = {isa = PBXBuildFile; fileRef = 52A6B675226B5FAB004861B3 /* CollectionViewController.swift */; };
		52A6B678226B5FCD004861B3 /* CustomTransitionsManager.swift in Sources */ = {isa = PBXBuildFile; fileRef = 52A6B677226B5FCD004861B3 /* CustomTransitionsManager.swift */; };
		52EDD7F92274691E0052AB8C /* FirstPresenter.swift in Sources */ = {isa = PBXBuildFile; fileRef = 52EDD7E02274691E0052AB8C /* FirstPresenter.swift */; };
		52EDD7FA2274691E0052AB8C /* FirstModuleConfigurator.swift in Sources */ = {isa = PBXBuildFile; fileRef = 52EDD7E12274691E0052AB8C /* FirstModuleConfigurator.swift */; };
		52EDD7FC2274691E0052AB8C /* FirstViewInput.swift in Sources */ = {isa = PBXBuildFile; fileRef = 52EDD7E42274691E0052AB8C /* FirstViewInput.swift */; };
		52EDD7FD2274691E0052AB8C /* FirstViewOutput.swift in Sources */ = {isa = PBXBuildFile; fileRef = 52EDD7E52274691E0052AB8C /* FirstViewOutput.swift */; };
/* End PBXBuildFile section */

/* Begin PBXFileReference section */
		527B91D32277747A0095F992 /* View.swift */ = {isa = PBXFileReference; lastKnownFileType = sourcecode.swift; path = View.swift; sourceTree = "<group>"; };
		52A6B65E226B5B9A004861B3 /* Animations.app */ = {isa = PBXFileReference; explicitFileType = wrapper.application; includeInIndex = 0; path = Animations.app; sourceTree = BUILT_PRODUCTS_DIR; };
		52A6B661226B5B9A004861B3 /* AppDelegate.swift */ = {isa = PBXFileReference; lastKnownFileType = sourcecode.swift; path = AppDelegate.swift; sourceTree = "<group>"; };
		52A6B663226B5B9A004861B3 /* ViewController.swift */ = {isa = PBXFileReference; lastKnownFileType = sourcecode.swift; path = ViewController.swift; sourceTree = "<group>"; };
		52A6B666226B5B9A004861B3 /* Base */ = {isa = PBXFileReference; lastKnownFileType = file.storyboard; name = Base; path = Base.lproj/Main.storyboard; sourceTree = "<group>"; };
		52A6B668226B5B9C004861B3 /* Assets.xcassets */ = {isa = PBXFileReference; lastKnownFileType = folder.assetcatalog; path = Assets.xcassets; sourceTree = "<group>"; };
		52A6B66B226B5B9C004861B3 /* Base */ = {isa = PBXFileReference; lastKnownFileType = file.storyboard; name = Base; path = Base.lproj/LaunchScreen.storyboard; sourceTree = "<group>"; };
		52A6B66D226B5B9C004861B3 /* Info.plist */ = {isa = PBXFileReference; lastKnownFileType = text.plist.xml; path = Info.plist; sourceTree = "<group>"; };
		52A6B673226B5F97004861B3 /* CollectionViewCell.swift */ = {isa = PBXFileReference; lastKnownFileType = sourcecode.swift; path = CollectionViewCell.swift; sourceTree = "<group>"; };
		52A6B675226B5FAB004861B3 /* CollectionViewController.swift */ = {isa = PBXFileReference; lastKnownFileType = sourcecode.swift; path = CollectionViewController.swift; sourceTree = "<group>"; };
		52A6B677226B5FCD004861B3 /* CustomTransitionsManager.swift */ = {isa = PBXFileReference; lastKnownFileType = sourcecode.swift; path = CustomTransitionsManager.swift; sourceTree = "<group>"; };
		52EDD7E02274691E0052AB8C /* FirstPresenter.swift */ = {isa = PBXFileReference; fileEncoding = 4; lastKnownFileType = sourcecode.swift; path = FirstPresenter.swift; sourceTree = "<group>"; };
		52EDD7E12274691E0052AB8C /* FirstModuleConfigurator.swift */ = {isa = PBXFileReference; fileEncoding = 4; lastKnownFileType = sourcecode.swift; path = FirstModuleConfigurator.swift; sourceTree = "<group>"; };
		52EDD7E42274691E0052AB8C /* FirstViewInput.swift */ = {isa = PBXFileReference; fileEncoding = 4; lastKnownFileType = sourcecode.swift; path = FirstViewInput.swift; sourceTree = "<group>"; };
		52EDD7E52274691E0052AB8C /* FirstViewOutput.swift */ = {isa = PBXFileReference; fileEncoding = 4; lastKnownFileType = sourcecode.swift; path = FirstViewOutput.swift; sourceTree = "<group>"; };
/* End PBXFileReference section */

/* Begin PBXFrameworksBuildPhase section */
		52A6B65B226B5B9A004861B3 /* Frameworks */ = {
			isa = PBXFrameworksBuildPhase;
			buildActionMask = 2147483647;
			files = (
			);
			runOnlyForDeploymentPostprocessing = 0;
		};
/* End PBXFrameworksBuildPhase section */

/* Begin PBXGroup section */
		52A6B655226B5B9A004861B3 = {
			isa = PBXGroup;
			children = (
				52A6B660226B5B9A004861B3 /* Animations */,
				52A6B65F226B5B9A004861B3 /* Products */,
			);
			sourceTree = "<group>";
		};
		52A6B65F226B5B9A004861B3 /* Products */ = {
			isa = PBXGroup;
			children = (
				52A6B65E226B5B9A004861B3 /* Animations.app */,
			);
			name = Products;
			sourceTree = "<group>";
		};
		52A6B660226B5B9A004861B3 /* Animations */ = {
			isa = PBXGroup;
			children = (
				52A6B677226B5FCD004861B3 /* CustomTransitionsManager.swift */,
				52EDD7DE2274691E0052AB8C /* First */,
				52EDD7CE2274691E0052AB8C /* Second */,
				52A6B661226B5B9A004861B3 /* AppDelegate.swift */,
				52A6B665226B5B9A004861B3 /* Main.storyboard */,
				52A6B668226B5B9C004861B3 /* Assets.xcassets */,
				52A6B66A226B5B9C004861B3 /* LaunchScreen.storyboard */,
				52A6B66D226B5B9C004861B3 /* Info.plist */,
			);
			path = Animations;
			sourceTree = "<group>";
		};
		52EDD7CE2274691E0052AB8C /* Second */ = {
			isa = PBXGroup;
			children = (
				52EDD7D12274691E0052AB8C /* View */,
			);
			path = Second;
			sourceTree = "<group>";
		};
		52EDD7D12274691E0052AB8C /* View */ = {
			isa = PBXGroup;
			children = (
				52A6B663226B5B9A004861B3 /* ViewController.swift */,
				527B91D32277747A0095F992 /* View.swift */,
			);
			path = View;
			sourceTree = "<group>";
		};
		52EDD7DE2274691E0052AB8C /* First */ = {
			isa = PBXGroup;
			children = (
				52EDD7DF2274691E0052AB8C /* Presenter */,
				52EDD7E22274691E0052AB8C /* View */,
				52EDD7E12274691E0052AB8C /* FirstModuleConfigurator.swift */,
			);
			path = First;
			sourceTree = "<group>";
		};
		52EDD7DF2274691E0052AB8C /* Presenter */ = {
			isa = PBXGroup;
			children = (
				52EDD7E02274691E0052AB8C /* FirstPresenter.swift */,
			);
			path = Presenter;
			sourceTree = "<group>";
		};
		52EDD7E22274691E0052AB8C /* View */ = {
			isa = PBXGroup;
			children = (
				52A6B673226B5F97004861B3 /* CollectionViewCell.swift */,
				52A6B675226B5FAB004861B3 /* CollectionViewController.swift */,
				52EDD7E42274691E0052AB8C /* FirstViewInput.swift */,
				52EDD7E52274691E0052AB8C /* FirstViewOutput.swift */,
			);
			path = View;
			sourceTree = "<group>";
		};
/* End PBXGroup section */

/* Begin PBXNativeTarget section */
		52A6B65D226B5B9A004861B3 /* Animations */ = {
			isa = PBXNativeTarget;
			buildConfigurationList = 52A6B670226B5B9C004861B3 /* Build configuration list for PBXNativeTarget "Animations" */;
			buildPhases = (
				52A6B65A226B5B9A004861B3 /* Sources */,
				52A6B65B226B5B9A004861B3 /* Frameworks */,
				52A6B65C226B5B9A004861B3 /* Resources */,
			);
			buildRules = (
			);
			dependencies = (
			);
			name = Animations;
			productName = Animations;
			productReference = 52A6B65E226B5B9A004861B3 /* Animations.app */;
			productType = "com.apple.product-type.application";
		};
/* End PBXNativeTarget section */

/* Begin PBXProject section */
		52A6B656226B5B9A004861B3 /* Project object */ = {
			isa = PBXProject;
			attributes = {
				LastSwiftUpdateCheck = 1010;
				LastUpgradeCheck = 1010;
				ORGANIZATIONNAME = "Гузель";
				TargetAttributes = {
					52A6B65D226B5B9A004861B3 = {
						CreatedOnToolsVersion = 10.1;
					};
				};
			};
			buildConfigurationList = 52A6B659226B5B9A004861B3 /* Build configuration list for PBXProject "Animations" */;
			compatibilityVersion = "Xcode 9.3";
			developmentRegion = en;
			hasScannedForEncodings = 0;
			knownRegions = (
				en,
				Base,
			);
			mainGroup = 52A6B655226B5B9A004861B3;
			productRefGroup = 52A6B65F226B5B9A004861B3 /* Products */;
			projectDirPath = "";
			projectRoot = "";
			targets = (
				52A6B65D226B5B9A004861B3 /* Animations */,
			);
		};
/* End PBXProject section */

/* Begin PBXResourcesBuildPhase section */
		52A6B65C226B5B9A004861B3 /* Resources */ = {
			isa = PBXResourcesBuildPhase;
			buildActionMask = 2147483647;
			files = (
				52A6B66C226B5B9C004861B3 /* LaunchScreen.storyboard in Resources */,
				52A6B669226B5B9C004861B3 /* Assets.xcassets in Resources */,
				52A6B667226B5B9A004861B3 /* Main.storyboard in Resources */,
			);
			runOnlyForDeploymentPostprocessing = 0;
		};
/* End PBXResourcesBuildPhase section */

/* Begin PBXSourcesBuildPhase section */
		52A6B65A226B5B9A004861B3 /* Sources */ = {
			isa = PBXSourcesBuildPhase;
			buildActionMask = 2147483647;
			files = (
				527B91D42277747A0095F992 /* View.swift in Sources */,
				52A6B676226B5FAB004861B3 /* CollectionViewController.swift in Sources */,
				52A6B664226B5B9A004861B3 /* ViewController.swift in Sources */,
				52EDD7FA2274691E0052AB8C /* FirstModuleConfigurator.swift in Sources */,
				52EDD7FC2274691E0052AB8C /* FirstViewInput.swift in Sources */,
				52EDD7F92274691E0052AB8C /* FirstPresenter.swift in Sources */,
				52A6B662226B5B9A004861B3 /* AppDelegate.swift in Sources */,
				52EDD7FD2274691E0052AB8C /* FirstViewOutput.swift in Sources */,
				52A6B678226B5FCD004861B3 /* CustomTransitionsManager.swift in Sources */,
				52A6B674226B5F97004861B3 /* CollectionViewCell.swift in Sources */,
			);
			runOnlyForDeploymentPostprocessing = 0;
		};
/* End PBXSourcesBuildPhase section */

/* Begin PBXVariantGroup section */
		52A6B665226B5B9A004861B3 /* Main.storyboard */ = {
			isa = PBXVariantGroup;
			children = (
				52A6B666226B5B9A004861B3 /* Base */,
			);
			name = Main.storyboard;
			sourceTree = "<group>";
		};
		52A6B66A226B5B9C004861B3 /* LaunchScreen.storyboard */ = {
			isa = PBXVariantGroup;
			children = (
				52A6B66B226B5B9C004861B3 /* Base */,
			);
			name = LaunchScreen.storyboard;
			sourceTree = "<group>";
		};
/* End PBXVariantGroup section */

/* Begin XCBuildConfiguration section */
		52A6B66E226B5B9C004861B3 /* Debug */ = {
			isa = XCBuildConfiguration;
			buildSettings = {
				ALWAYS_SEARCH_USER_PATHS = NO;
				CLANG_ANALYZER_NONNULL = YES;
				CLANG_ANALYZER_NUMBER_OBJECT_CONVERSION = YES_AGGRESSIVE;
				CLANG_CXX_LANGUAGE_STANDARD = "gnu++14";
				CLANG_CXX_LIBRARY = "libc++";
				CLANG_ENABLE_MODULES = YES;
				CLANG_ENABLE_OBJC_ARC = YES;
				CLANG_ENABLE_OBJC_WEAK = YES;
				CLANG_WARN_BLOCK_CAPTURE_AUTORELEASING = YES;
				CLANG_WARN_BOOL_CONVERSION = YES;
				CLANG_WARN_COMMA = YES;
				CLANG_WARN_CONSTANT_CONVERSION = YES;
				CLANG_WARN_DEPRECATED_OBJC_IMPLEMENTATIONS = YES;
				CLANG_WARN_DIRECT_OBJC_ISA_USAGE = YES_ERROR;
				CLANG_WARN_DOCUMENTATION_COMMENTS = YES;
				CLANG_WARN_EMPTY_BODY = YES;
				CLANG_WARN_ENUM_CONVERSION = YES;
				CLANG_WARN_INFINITE_RECURSION = YES;
				CLANG_WARN_INT_CONVERSION = YES;
				CLANG_WARN_NON_LITERAL_NULL_CONVERSION = YES;
				CLANG_WARN_OBJC_IMPLICIT_RETAIN_SELF = YES;
				CLANG_WARN_OBJC_LITERAL_CONVERSION = YES;
				CLANG_WARN_OBJC_ROOT_CLASS = YES_ERROR;
				CLANG_WARN_RANGE_LOOP_ANALYSIS = YES;
				CLANG_WARN_STRICT_PROTOTYPES = YES;
				CLANG_WARN_SUSPICIOUS_MOVE = YES;
				CLANG_WARN_UNGUARDED_AVAILABILITY = YES_AGGRESSIVE;
				CLANG_WARN_UNREACHABLE_CODE = YES;
				CLANG_WARN__DUPLICATE_METHOD_MATCH = YES;
				CODE_SIGN_IDENTITY = "iPhone Developer";
				COPY_PHASE_STRIP = NO;
				DEBUG_INFORMATION_FORMAT = dwarf;
				ENABLE_STRICT_OBJC_MSGSEND = YES;
				ENABLE_TESTABILITY = YES;
				GCC_C_LANGUAGE_STANDARD = gnu11;
				GCC_DYNAMIC_NO_PIC = NO;
				GCC_NO_COMMON_BLOCKS = YES;
				GCC_OPTIMIZATION_LEVEL = 0;
				GCC_PREPROCESSOR_DEFINITIONS = (
					"DEBUG=1",
					"$(inherited)",
				);
				GCC_WARN_64_TO_32_BIT_CONVERSION = YES;
				GCC_WARN_ABOUT_RETURN_TYPE = YES_ERROR;
				GCC_WARN_UNDECLARED_SELECTOR = YES;
				GCC_WARN_UNINITIALIZED_AUTOS = YES_AGGRESSIVE;
				GCC_WARN_UNUSED_FUNCTION = YES;
				GCC_WARN_UNUSED_VARIABLE = YES;
				IPHONEOS_DEPLOYMENT_TARGET = 12.1;
				MTL_ENABLE_DEBUG_INFO = INCLUDE_SOURCE;
				MTL_FAST_MATH = YES;
				ONLY_ACTIVE_ARCH = YES;
				SDKROOT = iphoneos;
				SWIFT_ACTIVE_COMPILATION_CONDITIONS = DEBUG;
				SWIFT_OPTIMIZATION_LEVEL = "-Onone";
			};
			name = Debug;
		};
		52A6B66F226B5B9C004861B3 /* Release */ = {
			isa = XCBuildConfiguration;
			buildSettings = {
				ALWAYS_SEARCH_USER_PATHS = NO;
				CLANG_ANALYZER_NONNULL = YES;
				CLANG_ANALYZER_NUMBER_OBJECT_CONVERSION = YES_AGGRESSIVE;
				CLANG_CXX_LANGUAGE_STANDARD = "gnu++14";
				CLANG_CXX_LIBRARY = "libc++";
				CLANG_ENABLE_MODULES = YES;
				CLANG_ENABLE_OBJC_ARC = YES;
				CLANG_ENABLE_OBJC_WEAK = YES;
				CLANG_WARN_BLOCK_CAPTURE_AUTORELEASING = YES;
				CLANG_WARN_BOOL_CONVERSION = YES;
				CLANG_WARN_COMMA = YES;
				CLANG_WARN_CONSTANT_CONVERSION = YES;
				CLANG_WARN_DEPRECATED_OBJC_IMPLEMENTATIONS = YES;
				CLANG_WARN_DIRECT_OBJC_ISA_USAGE = YES_ERROR;
				CLANG_WARN_DOCUMENTATION_COMMENTS = YES;
				CLANG_WARN_EMPTY_BODY = YES;
				CLANG_WARN_ENUM_CONVERSION = YES;
				CLANG_WARN_INFINITE_RECURSION = YES;
				CLANG_WARN_INT_CONVERSION = YES;
				CLANG_WARN_NON_LITERAL_NULL_CONVERSION = YES;
				CLANG_WARN_OBJC_IMPLICIT_RETAIN_SELF = YES;
				CLANG_WARN_OBJC_LITERAL_CONVERSION = YES;
				CLANG_WARN_OBJC_ROOT_CLASS = YES_ERROR;
				CLANG_WARN_RANGE_LOOP_ANALYSIS = YES;
				CLANG_WARN_STRICT_PROTOTYPES = YES;
				CLANG_WARN_SUSPICIOUS_MOVE = YES;
				CLANG_WARN_UNGUARDED_AVAILABILITY = YES_AGGRESSIVE;
				CLANG_WARN_UNREACHABLE_CODE = YES;
				CLANG_WARN__DUPLICATE_METHOD_MATCH = YES;
				CODE_SIGN_IDENTITY = "iPhone Developer";
				COPY_PHASE_STRIP = NO;
				DEBUG_INFORMATION_FORMAT = "dwarf-with-dsym";
				ENABLE_NS_ASSERTIONS = NO;
				ENABLE_STRICT_OBJC_MSGSEND = YES;
				GCC_C_LANGUAGE_STANDARD = gnu11;
				GCC_NO_COMMON_BLOCKS = YES;
				GCC_WARN_64_TO_32_BIT_CONVERSION = YES;
				GCC_WARN_ABOUT_RETURN_TYPE = YES_ERROR;
				GCC_WARN_UNDECLARED_SELECTOR = YES;
				GCC_WARN_UNINITIALIZED_AUTOS = YES_AGGRESSIVE;
				GCC_WARN_UNUSED_FUNCTION = YES;
				GCC_WARN_UNUSED_VARIABLE = YES;
				IPHONEOS_DEPLOYMENT_TARGET = 12.1;
				MTL_ENABLE_DEBUG_INFO = NO;
				MTL_FAST_MATH = YES;
				SDKROOT = iphoneos;
				SWIFT_COMPILATION_MODE = wholemodule;
				SWIFT_OPTIMIZATION_LEVEL = "-O";
				VALIDATE_PRODUCT = YES;
			};
			name = Release;
		};
		52A6B671226B5B9C004861B3 /* Debug */ = {
			isa = XCBuildConfiguration;
			buildSettings = {
				ASSETCATALOG_COMPILER_APPICON_NAME = AppIcon;
				CODE_SIGN_STYLE = Automatic;
				DEVELOPMENT_TEAM = H9M9JGU32C;
				INFOPLIST_FILE = Animations/Info.plist;
				LD_RUNPATH_SEARCH_PATHS = (
					"$(inherited)",
					"@executable_path/Frameworks",
				);
				PRODUCT_BUNDLE_IDENTIFIER = ru.hw.Animations;
				PRODUCT_NAME = "$(TARGET_NAME)";
				SWIFT_VERSION = 4.2;
				TARGETED_DEVICE_FAMILY = "1,2";
			};
			name = Debug;
		};
		52A6B672226B5B9C004861B3 /* Release */ = {
			isa = XCBuildConfiguration;
			buildSettings = {
				ASSETCATALOG_COMPILER_APPICON_NAME = AppIcon;
				CODE_SIGN_STYLE = Automatic;
				DEVELOPMENT_TEAM = H9M9JGU32C;
				INFOPLIST_FILE = Animations/Info.plist;
				LD_RUNPATH_SEARCH_PATHS = (
					"$(inherited)",
					"@executable_path/Frameworks",
				);
				PRODUCT_BUNDLE_IDENTIFIER = ru.hw.Animations;
				PRODUCT_NAME = "$(TARGET_NAME)";
				SWIFT_VERSION = 4.2;
				TARGETED_DEVICE_FAMILY = "1,2";
			};
			name = Release;
		};
/* End XCBuildConfiguration section */

/* Begin XCConfigurationList section */
		52A6B659226B5B9A004861B3 /* Build configuration list for PBXProject "Animations" */ = {
			isa = XCConfigurationList;
			buildConfigurations = (
				52A6B66E226B5B9C004861B3 /* Debug */,
				52A6B66F226B5B9C004861B3 /* Release */,
			);
			defaultConfigurationIsVisible = 0;
			defaultConfigurationName = Release;
		};
		52A6B670226B5B9C004861B3 /* Build configuration list for PBXNativeTarget "Animations" */ = {
			isa = XCConfigurationList;
			buildConfigurations = (
				52A6B671226B5B9C004861B3 /* Debug */,
				52A6B672226B5B9C004861B3 /* Release */,
			);
			defaultConfigurationIsVisible = 0;
			defaultConfigurationName = Release;
		};
/* End XCConfigurationList section */
	};
	rootObject = 52A6B656226B5B9A004861B3 /* Project object */;
}
